
Microsoft Visual Studio Solution File, Format Version 12.00
# Visual Studio Version 17
VisualStudioVersion = 17.11.35312.102
MinimumVisualStudioVersion = 10.0.40219.1
Project("{9A19103F-16F7-4668-BE54-9A1E7A4F7556}") = "BookingSystem_69769", "BookingSystem_69769\BookingSystem_69769.csproj", "{80F2ACAA-A3D2-4C40-80D0-53143214FFE8}"
EndProject
Project("{9A19103F-16F7-4668-BE54-9A1E7A4F7556}") = "Infrastructure", "Infrastructure\Infrastructure.csproj", "{46B76F3F-8C76-4539-A548-9229C5E754EE}"
EndProject
Project("{FAE04EC0-301F-11D3-BF4B-00C04F79EFBC}") = "Domain", "Domain\Domain.csproj", "{37CDF242-B087-412E-B751-51574419E0A2}"
EndProject
Global
	GlobalSection(SolutionConfigurationPlatforms) = preSolution
		Debug|Any CPU = Debug|Any CPU
		Release|Any CPU = Release|Any CPU
	EndGlobalSection
	GlobalSection(ProjectConfigurationPlatforms) = postSolution
		{80F2ACAA-A3D2-4C40-80D0-53143214FFE8}.Debug|Any CPU.ActiveCfg = Debug|Any CPU
		{80F2ACAA-A3D2-4C40-80D0-53143214FFE8}.Debug|Any CPU.Build.0 = Debug|Any CPU
		{80F2ACAA-A3D2-4C40-80D0-53143214FFE8}.Release|Any CPU.ActiveCfg = Release|Any CPU
		{80F2ACAA-A3D2-4C40-80D0-53143214FFE8}.Release|Any CPU.Build.0 = Release|Any CPU
		{46B76F3F-8C76-4539-A548-9229C5E754EE}.Debug|Any CPU.ActiveCfg = Debug|Any CPU
		{46B76F3F-8C76-4539-A548-9229C5E754EE}.Debug|Any CPU.Build.0 = Debug|Any CPU
		{46B76F3F-8C76-4539-A548-9229C5E754EE}.Release|Any CPU.ActiveCfg = Release|Any CPU
		{46B76F3F-8C76-4539-A548-9229C5E754EE}.Release|Any CPU.Build.0 = Release|Any CPU
		{37CDF242-B087-412E-B751-51574419E0A2}.Debug|Any CPU.ActiveCfg = Debug|Any CPU
		{37CDF242-B087-412E-B751-51574419E0A2}.Debug|Any CPU.Build.0 = Debug|Any CPU
		{37CDF242-B087-412E-B751-51574419E0A2}.Release|Any CPU.ActiveCfg = Release|Any CPU
		{37CDF242-B087-412E-B751-51574419E0A2}.Release|Any CPU.Build.0 = Release|Any CPU
	EndGlobalSection
	GlobalSection(SolutionProperties) = preSolution
		HideSolutionNode = FALSE
	EndGlobalSection
	GlobalSection(ExtensibilityGlobals) = postSolution
		SolutionGuid = {3EE3C8EA-3FD0-4AD7-98A8-97CEEF3E2ADA}
	EndGlobalSection
EndGlobal
